
Microsoft Visual Studio Solution File, Format Version 12.00
# Visual Studio 2013
VisualStudioVersion = 12.0.21005.1
MinimumVisualStudioVersion = 10.0.40219.1
Project("{8BC9CEB8-8B4A-11D0-8D11-00A0C91BC942}") = "0828.C++", "0828.C++\0828.C++.vcxproj", "{33C92FA7-6298-4499-B16B-E2D6F3F4C1D8}"
EndProject
Global
	GlobalSection(SolutionConfigurationPlatforms) = preSolution
		Debug|Win32 = Debug|Win32
		Release|Win32 = Release|Win32
	EndGlobalSection
	GlobalSection(ProjectConfigurationPlatforms) = postSolution
		{33C92FA7-6298-4499-B16B-E2D6F3F4C1D8}.Debug|Win32.ActiveCfg = Debug|Win32
		{33C92FA7-6298-4499-B16B-E2D6F3F4C1D8}.Debug|Win32.Build.0 = Debug|Win32
		{33C92FA7-6298-4499-B16B-E2D6F3F4C1D8}.Release|Win32.ActiveCfg = Release|Win32
		{33C92FA7-6298-4499-B16B-E2D6F3F4C1D8}.Release|Win32.Build.0 = Release|Win32
	EndGlobalSection
	GlobalSection(SolutionProperties) = preSolution
		HideSolutionNode = FALSE
	EndGlobalSection
EndGlobal
